// !$*UTF8*$!
{
	archiveVersion = 1;
	classes = {
	};
	objectVersion = 46;
	objects = {

/* Begin PBXBuildFile section */
		B17869F21D3FDC23004E3358 /* main.m in Sources */ = {isa = PBXBuildFile; fileRef = B17869F11D3FDC23004E3358 /* main.m */; };
		B17869F51D3FDC23004E3358 /* AppDelegate.m in Sources */ = {isa = PBXBuildFile; fileRef = B17869F41D3FDC23004E3358 /* AppDelegate.m */; };
		B17869F81D3FDC23004E3358 /* FormularioContatoViewController.m in Sources */ = {isa = PBXBuildFile; fileRef = B17869F71D3FDC23004E3358 /* FormularioContatoViewController.m */; };
		B17869FB1D3FDC23004E3358 /* Main.storyboard in Resources */ = {isa = PBXBuildFile; fileRef = B17869F91D3FDC23004E3358 /* Main.storyboard */; };
		B17869FE1D3FDC23004E3358 /* ContatosIP67.xcdatamodeld in Sources */ = {isa = PBXBuildFile; fileRef = B17869FC1D3FDC23004E3358 /* ContatosIP67.xcdatamodeld */; };
		B1786A001D3FDC23004E3358 /* Assets.xcassets in Resources */ = {isa = PBXBuildFile; fileRef = B17869FF1D3FDC23004E3358 /* Assets.xcassets */; };
		B1786A0C1D4027EA004E3358 /* ContatoDAO.m in Sources */ = {isa = PBXBuildFile; fileRef = B1786A0B1D4027EA004E3358 /* ContatoDAO.m */; };
		B1786A0F1D4027FA004E3358 /* Contato.m in Sources */ = {isa = PBXBuildFile; fileRef = B1786A0E1D4027FA004E3358 /* Contato.m */; };
		B1786A121D402C58004E3358 /* ListaContatosViewController.m in Sources */ = {isa = PBXBuildFile; fileRef = B1786A111D402C58004E3358 /* ListaContatosViewController.m */; };
		B1786A1D1D42B3DE004E3358 /* ContatosIP67Tests.m in Sources */ = {isa = PBXBuildFile; fileRef = B1786A1C1D42B3DE004E3358 /* ContatosIP67Tests.m */; };
		B1786A251D42B57F004E3358 /* ContatoDAOTest.m in Sources */ = {isa = PBXBuildFile; fileRef = B1786A241D42B57F004E3358 /* ContatoDAOTest.m */; };
		B1AAAAC91D46C89D00DBC68C /* GerenciadorDeAcoes.m in Sources */ = {isa = PBXBuildFile; fileRef = B1AAAAC81D46C89D00DBC68C /* GerenciadorDeAcoes.m */; };
/* End PBXBuildFile section */

/* Begin PBXContainerItemProxy section */
		B1786A1F1D42B3DE004E3358 /* PBXContainerItemProxy */ = {
			isa = PBXContainerItemProxy;
			containerPortal = B17869E51D3FDC22004E3358 /* Project object */;
			proxyType = 1;
			remoteGlobalIDString = B17869EC1D3FDC22004E3358;
			remoteInfo = ContatosIP67;
		};
/* End PBXContainerItemProxy section */

/* Begin PBXFileReference section */
		B17869ED1D3FDC22004E3358 /* ContatosIP67.app */ = {isa = PBXFileReference; explicitFileType = wrapper.application; includeInIndex = 0; path = ContatosIP67.app; sourceTree = BUILT_PRODUCTS_DIR; };
		B17869F11D3FDC23004E3358 /* main.m */ = {isa = PBXFileReference; lastKnownFileType = sourcecode.c.objc; path = main.m; sourceTree = "<group>"; };
		B17869F31D3FDC23004E3358 /* AppDelegate.h */ = {isa = PBXFileReference; lastKnownFileType = sourcecode.c.h; path = AppDelegate.h; sourceTree = "<group>"; };
		B17869F41D3FDC23004E3358 /* AppDelegate.m */ = {isa = PBXFileReference; lastKnownFileType = sourcecode.c.objc; path = AppDelegate.m; sourceTree = "<group>"; };
		B17869F61D3FDC23004E3358 /* FormularioContatoViewController.h */ = {isa = PBXFileReference; lastKnownFileType = sourcecode.c.h; path = FormularioContatoViewController.h; sourceTree = "<group>"; };
		B17869F71D3FDC23004E3358 /* FormularioContatoViewController.m */ = {isa = PBXFileReference; lastKnownFileType = sourcecode.c.objc; path = FormularioContatoViewController.m; sourceTree = "<group>"; };
		B17869FA1D3FDC23004E3358 /* Base */ = {isa = PBXFileReference; lastKnownFileType = file.storyboard; name = Base; path = Base.lproj/Main.storyboard; sourceTree = "<group>"; };
		B17869FD1D3FDC23004E3358 /* ContatosIP67.xcdatamodel */ = {isa = PBXFileReference; lastKnownFileType = wrapper.xcdatamodel; path = ContatosIP67.xcdatamodel; sourceTree = "<group>"; };
		B17869FF1D3FDC23004E3358 /* Assets.xcassets */ = {isa = PBXFileReference; lastKnownFileType = folder.assetcatalog; path = Assets.xcassets; sourceTree = "<group>"; };
		B1786A041D3FDC23004E3358 /* Info.plist */ = {isa = PBXFileReference; lastKnownFileType = text.plist.xml; path = Info.plist; sourceTree = "<group>"; };
		B1786A0A1D4027EA004E3358 /* ContatoDAO.h */ = {isa = PBXFileReference; fileEncoding = 4; lastKnownFileType = sourcecode.c.h; path = ContatoDAO.h; sourceTree = "<group>"; };
		B1786A0B1D4027EA004E3358 /* ContatoDAO.m */ = {isa = PBXFileReference; fileEncoding = 4; lastKnownFileType = sourcecode.c.objc; path = ContatoDAO.m; sourceTree = "<group>"; };
		B1786A0D1D4027FA004E3358 /* Contato.h */ = {isa = PBXFileReference; fileEncoding = 4; lastKnownFileType = sourcecode.c.h; path = Contato.h; sourceTree = "<group>"; };
		B1786A0E1D4027FA004E3358 /* Contato.m */ = {isa = PBXFileReference; fileEncoding = 4; lastKnownFileType = sourcecode.c.objc; path = Contato.m; sourceTree = "<group>"; };
		B1786A101D402C58004E3358 /* ListaContatosViewController.h */ = {isa = PBXFileReference; fileEncoding = 4; lastKnownFileType = sourcecode.c.h; path = ListaContatosViewController.h; sourceTree = "<group>"; xcLanguageSpecificationIdentifier = xcode.lang.objcpp; };
		B1786A111D402C58004E3358 /* ListaContatosViewController.m */ = {isa = PBXFileReference; fileEncoding = 4; lastKnownFileType = sourcecode.c.objc; path = ListaContatosViewController.m; sourceTree = "<group>"; };
		B1786A1A1D42B3DE004E3358 /* ContatosIP67Tests.xctest */ = {isa = PBXFileReference; explicitFileType = wrapper.cfbundle; includeInIndex = 0; path = ContatosIP67Tests.xctest; sourceTree = BUILT_PRODUCTS_DIR; };
		B1786A1C1D42B3DE004E3358 /* ContatosIP67Tests.m */ = {isa = PBXFileReference; lastKnownFileType = sourcecode.c.objc; path = ContatosIP67Tests.m; sourceTree = "<group>"; };
		B1786A1E1D42B3DE004E3358 /* Info.plist */ = {isa = PBXFileReference; lastKnownFileType = text.plist.xml; path = Info.plist; sourceTree = "<group>"; };
		B1786A241D42B57F004E3358 /* ContatoDAOTest.m */ = {isa = PBXFileReference; fileEncoding = 4; lastKnownFileType = sourcecode.c.objc; path = ContatoDAOTest.m; sourceTree = "<group>"; };
		B1AAAAC71D46C89D00DBC68C /* GerenciadorDeAcoes.h */ = {isa = PBXFileReference; fileEncoding = 4; lastKnownFileType = sourcecode.c.h; path = GerenciadorDeAcoes.h; sourceTree = "<group>"; };
		B1AAAAC81D46C89D00DBC68C /* GerenciadorDeAcoes.m */ = {isa = PBXFileReference; fileEncoding = 4; lastKnownFileType = sourcecode.c.objc; path = GerenciadorDeAcoes.m; sourceTree = "<group>"; };
/* End PBXFileReference section */

/* Begin PBXFrameworksBuildPhase section */
		B17869EA1D3FDC22004E3358 /* Frameworks */ = {
			isa = PBXFrameworksBuildPhase;
			buildActionMask = 2147483647;
			files = (
			);
			runOnlyForDeploymentPostprocessing = 0;
		};
		B1786A171D42B3DE004E3358 /* Frameworks */ = {
			isa = PBXFrameworksBuildPhase;
			buildActionMask = 2147483647;
			files = (
			);
			runOnlyForDeploymentPostprocessing = 0;
		};
/* End PBXFrameworksBuildPhase section */

/* Begin PBXGroup section */
		B17869E41D3FDC22004E3358 = {
			isa = PBXGroup;
			children = (
				B17869EF1D3FDC22004E3358 /* ContatosIP67 */,
				B1786A1B1D42B3DE004E3358 /* ContatosIP67Tests */,
				B17869EE1D3FDC22004E3358 /* Products */,
			);
			sourceTree = "<group>";
		};
		B17869EE1D3FDC22004E3358 /* Products */ = {
			isa = PBXGroup;
			children = (
				B17869ED1D3FDC22004E3358 /* ContatosIP67.app */,
				B1786A1A1D42B3DE004E3358 /* ContatosIP67Tests.xctest */,
			);
			name = Products;
			sourceTree = "<group>";
		};
		B17869EF1D3FDC22004E3358 /* ContatosIP67 */ = {
			isa = PBXGroup;
			children = (
				B17869F31D3FDC23004E3358 /* AppDelegate.h */,
				B17869F41D3FDC23004E3358 /* AppDelegate.m */,
				B17869FF1D3FDC23004E3358 /* Assets.xcassets */,
				B1786A0D1D4027FA004E3358 /* Contato.h */,
				B1786A0E1D4027FA004E3358 /* Contato.m */,
				B1786A0A1D4027EA004E3358 /* ContatoDAO.h */,
				B1786A0B1D4027EA004E3358 /* ContatoDAO.m */,
				B17869FC1D3FDC23004E3358 /* ContatosIP67.xcdatamodeld */,
				B1786A151D42AFC3004E3358 /* ViewController */,
				B1786A041D3FDC23004E3358 /* Info.plist */,
				B17869F91D3FDC23004E3358 /* Main.storyboard */,
				B17869F01D3FDC22004E3358 /* Supporting Files */,
				B1AAAAC71D46C89D00DBC68C /* GerenciadorDeAcoes.h */,
				B1AAAAC81D46C89D00DBC68C /* GerenciadorDeAcoes.m */,
			);
			path = ContatosIP67;
			sourceTree = "<group>";
		};
		B17869F01D3FDC22004E3358 /* Supporting Files */ = {
			isa = PBXGroup;
			children = (
				B17869F11D3FDC23004E3358 /* main.m */,
			);
			name = "Supporting Files";
			sourceTree = "<group>";
		};
		B1786A151D42AFC3004E3358 /* ViewController */ = {
			isa = PBXGroup;
			children = (
				B17869F61D3FDC23004E3358 /* FormularioContatoViewController.h */,
				B17869F71D3FDC23004E3358 /* FormularioContatoViewController.m */,
				B1786A101D402C58004E3358 /* ListaContatosViewController.h */,
				B1786A111D402C58004E3358 /* ListaContatosViewController.m */,
			);
			name = ViewController;
			sourceTree = "<group>";
		};
		B1786A1B1D42B3DE004E3358 /* ContatosIP67Tests */ = {
			isa = PBXGroup;
			children = (
				B1786A1C1D42B3DE004E3358 /* ContatosIP67Tests.m */,
				B1786A1E1D42B3DE004E3358 /* Info.plist */,
				B1786A241D42B57F004E3358 /* ContatoDAOTest.m */,
			);
			path = ContatosIP67Tests;
			sourceTree = "<group>";
		};
/* End PBXGroup section */

/* Begin PBXNativeTarget section */
		B17869EC1D3FDC22004E3358 /* ContatosIP67 */ = {
			isa = PBXNativeTarget;
			buildConfigurationList = B1786A071D3FDC23004E3358 /* Build configuration list for PBXNativeTarget "ContatosIP67" */;
			buildPhases = (
				B17869E91D3FDC22004E3358 /* Sources */,
				B17869EA1D3FDC22004E3358 /* Frameworks */,
				B17869EB1D3FDC22004E3358 /* Resources */,
			);
			buildRules = (
			);
			dependencies = (
			);
			name = ContatosIP67;
			productName = ContatosIP67;
			productReference = B17869ED1D3FDC22004E3358 /* ContatosIP67.app */;
			productType = "com.apple.product-type.application";
		};
		B1786A191D42B3DE004E3358 /* ContatosIP67Tests */ = {
			isa = PBXNativeTarget;
			buildConfigurationList = B1786A211D42B3DE004E3358 /* Build configuration list for PBXNativeTarget "ContatosIP67Tests" */;
			buildPhases = (
				B1786A161D42B3DE004E3358 /* Sources */,
				B1786A171D42B3DE004E3358 /* Frameworks */,
				B1786A181D42B3DE004E3358 /* Resources */,
			);
			buildRules = (
			);
			dependencies = (
				B1786A201D42B3DE004E3358 /* PBXTargetDependency */,
			);
			name = ContatosIP67Tests;
			productName = ContatosIP67Tests;
			productReference = B1786A1A1D42B3DE004E3358 /* ContatosIP67Tests.xctest */;
			productType = "com.apple.product-type.bundle.unit-test";
		};
/* End PBXNativeTarget section */

/* Begin PBXProject section */
		B17869E51D3FDC22004E3358 /* Project object */ = {
			isa = PBXProject;
			attributes = {
				LastUpgradeCheck = 0730;
				ORGANIZATIONNAME = Caelum;
				TargetAttributes = {
					B17869EC1D3FDC22004E3358 = {
						CreatedOnToolsVersion = 7.3.1;
						DevelopmentTeam = 7BK887X933;
					};
					B1786A191D42B3DE004E3358 = {
						CreatedOnToolsVersion = 7.3.1;
						TestTargetID = B17869EC1D3FDC22004E3358;
					};
				};
			};
			buildConfigurationList = B17869E81D3FDC22004E3358 /* Build configuration list for PBXProject "ContatosIP67" */;
			compatibilityVersion = "Xcode 3.2";
			developmentRegion = English;
			hasScannedForEncodings = 0;
			knownRegions = (
				en,
				Base,
			);
			mainGroup = B17869E41D3FDC22004E3358;
			productRefGroup = B17869EE1D3FDC22004E3358 /* Products */;
			projectDirPath = "";
			projectRoot = "";
			targets = (
				B17869EC1D3FDC22004E3358 /* ContatosIP67 */,
				B1786A191D42B3DE004E3358 /* ContatosIP67Tests */,
			);
		};
/* End PBXProject section */

/* Begin PBXResourcesBuildPhase section */
		B17869EB1D3FDC22004E3358 /* Resources */ = {
			isa = PBXResourcesBuildPhase;
			buildActionMask = 2147483647;
			files = (
				B1786A001D3FDC23004E3358 /* Assets.xcassets in Resources */,
				B17869FB1D3FDC23004E3358 /* Main.storyboard in Resources */,
			);
			runOnlyForDeploymentPostprocessing = 0;
		};
		B1786A181D42B3DE004E3358 /* Resources */ = {
			isa = PBXResourcesBuildPhase;
			buildActionMask = 2147483647;
			files = (
			);
			runOnlyForDeploymentPostprocessing = 0;
		};
/* End PBXResourcesBuildPhase section */

/* Begin PBXSourcesBuildPhase section */
		B17869E91D3FDC22004E3358 /* Sources */ = {
			isa = PBXSourcesBuildPhase;
			buildActionMask = 2147483647;
			files = (
				B1786A0C1D4027EA004E3358 /* ContatoDAO.m in Sources */,
				B17869F81D3FDC23004E3358 /* FormularioContatoViewController.m in Sources */,
				B1786A121D402C58004E3358 /* ListaContatosViewController.m in Sources */,
				B17869F51D3FDC23004E3358 /* AppDelegate.m in Sources */,
				B17869FE1D3FDC23004E3358 /* ContatosIP67.xcdatamodeld in Sources */,
				B1786A0F1D4027FA004E3358 /* Contato.m in Sources */,
				B1AAAAC91D46C89D00DBC68C /* GerenciadorDeAcoes.m in Sources */,
				B17869F21D3FDC23004E3358 /* main.m in Sources */,
			);
			runOnlyForDeploymentPostprocessing = 0;
		};
		B1786A161D42B3DE004E3358 /* Sources */ = {
			isa = PBXSourcesBuildPhase;
			buildActionMask = 2147483647;
			files = (
				B1786A1D1D42B3DE004E3358 /* ContatosIP67Tests.m in Sources */,
				B1786A251D42B57F004E3358 /* ContatoDAOTest.m in Sources */,
			);
			runOnlyForDeploymentPostprocessing = 0;
		};
/* End PBXSourcesBuildPhase section */

/* Begin PBXTargetDependency section */
		B1786A201D42B3DE004E3358 /* PBXTargetDependency */ = {
			isa = PBXTargetDependency;
			target = B17869EC1D3FDC22004E3358 /* ContatosIP67 */;
			targetProxy = B1786A1F1D42B3DE004E3358 /* PBXContainerItemProxy */;
		};
/* End PBXTargetDependency section */

/* Begin PBXVariantGroup section */
		B17869F91D3FDC23004E3358 /* Main.storyboard */ = {
			isa = PBXVariantGroup;
			children = (
				B17869FA1D3FDC23004E3358 /* Base */,
			);
			name = Main.storyboard;
			sourceTree = "<group>";
		};
/* End PBXVariantGroup section */

/* Begin XCBuildConfiguration section */
		B1786A051D3FDC23004E3358 /* Debug */ = {
			isa = XCBuildConfiguration;
			buildSettings = {
				ALWAYS_SEARCH_USER_PATHS = NO;
				CLANG_ANALYZER_NONNULL = YES;
				CLANG_CXX_LANGUAGE_STANDARD = "gnu++0x";
				CLANG_CXX_LIBRARY = "libc++";
				CLANG_ENABLE_MODULES = YES;
				CLANG_ENABLE_OBJC_ARC = YES;
				CLANG_WARN_BOOL_CONVERSION = YES;
				CLANG_WARN_CONSTANT_CONVERSION = YES;
				CLANG_WARN_DIRECT_OBJC_ISA_USAGE = YES_ERROR;
				CLANG_WARN_EMPTY_BODY = YES;
				CLANG_WARN_ENUM_CONVERSION = YES;
				CLANG_WARN_INT_CONVERSION = YES;
				CLANG_WARN_OBJC_ROOT_CLASS = YES_ERROR;
				CLANG_WARN_UNREACHABLE_CODE = YES;
				CLANG_WARN__DUPLICATE_METHOD_MATCH = YES;
				"CODE_SIGN_IDENTITY[sdk=iphoneos*]" = "iPhone Developer";
				COPY_PHASE_STRIP = NO;
				DEBUG_INFORMATION_FORMAT = dwarf;
				ENABLE_STRICT_OBJC_MSGSEND = YES;
				ENABLE_TESTABILITY = YES;
				GCC_C_LANGUAGE_STANDARD = gnu99;
				GCC_DYNAMIC_NO_PIC = NO;
				GCC_NO_COMMON_BLOCKS = YES;
				GCC_OPTIMIZATION_LEVEL = 0;
				GCC_PREPROCESSOR_DEFINITIONS = (
					"DEBUG=1",
					"$(inherited)",
				);
				GCC_WARN_64_TO_32_BIT_CONVERSION = YES;
				GCC_WARN_ABOUT_RETURN_TYPE = YES_ERROR;
				GCC_WARN_UNDECLARED_SELECTOR = YES;
				GCC_WARN_UNINITIALIZED_AUTOS = YES_AGGRESSIVE;
				GCC_WARN_UNUSED_FUNCTION = YES;
				GCC_WARN_UNUSED_VARIABLE = YES;
				IPHONEOS_DEPLOYMENT_TARGET = 9.3;
				MTL_ENABLE_DEBUG_INFO = YES;
				ONLY_ACTIVE_ARCH = YES;
				SDKROOT = iphoneos;
			};
			name = Debug;
		};
		B1786A061D3FDC23004E3358 /* Release */ = {
			isa = XCBuildConfiguration;
			buildSettings = {
				ALWAYS_SEARCH_USER_PATHS = NO;
				CLANG_ANALYZER_NONNULL = YES;
				CLANG_CXX_LANGUAGE_STANDARD = "gnu++0x";
				CLANG_CXX_LIBRARY = "libc++";
				CLANG_ENABLE_MODULES = YES;
				CLANG_ENABLE_OBJC_ARC = YES;
				CLANG_WARN_BOOL_CONVERSION = YES;
				CLANG_WARN_CONSTANT_CONVERSION = YES;
				CLANG_WARN_DIRECT_OBJC_ISA_USAGE = YES_ERROR;
				CLANG_WARN_EMPTY_BODY = YES;
				CLANG_WARN_ENUM_CONVERSION = YES;
				CLANG_WARN_INT_CONVERSION = YES;
				CLANG_WARN_OBJC_ROOT_CLASS = YES_ERROR;
				CLANG_WARN_UNREACHABLE_CODE = YES;
				CLANG_WARN__DUPLICATE_METHOD_MATCH = YES;
				"CODE_SIGN_IDENTITY[sdk=iphoneos*]" = "iPhone Developer";
				COPY_PHASE_STRIP = NO;
				DEBUG_INFORMATION_FORMAT = "dwarf-with-dsym";
				ENABLE_NS_ASSERTIONS = NO;
				ENABLE_STRICT_OBJC_MSGSEND = YES;
				GCC_C_LANGUAGE_STANDARD = gnu99;
				GCC_NO_COMMON_BLOCKS = YES;
				GCC_WARN_64_TO_32_BIT_CONVERSION = YES;
				GCC_WARN_ABOUT_RETURN_TYPE = YES_ERROR;
				GCC_WARN_UNDECLARED_SELECTOR = YES;
				GCC_WARN_UNINITIALIZED_AUTOS = YES_AGGRESSIVE;
				GCC_WARN_UNUSED_FUNCTION = YES;
				GCC_WARN_UNUSED_VARIABLE = YES;
				IPHONEOS_DEPLOYMENT_TARGET = 9.3;
				MTL_ENABLE_DEBUG_INFO = NO;
				SDKROOT = iphoneos;
				VALIDATE_PRODUCT = YES;
			};
			name = Release;
		};
		B1786A081D3FDC23004E3358 /* Debug */ = {
			isa = XCBuildConfiguration;
			buildSettings = {
				ASSETCATALOG_COMPILER_APPICON_NAME = AppIcon;
				CODE_SIGN_IDENTITY = "iPhone Developer";
				INFOPLIST_FILE = ContatosIP67/Info.plist;
				LD_RUNPATH_SEARCH_PATHS = "$(inherited) @executable_path/Frameworks";
				PRODUCT_BUNDLE_IDENTIFIER = br.com.adriano.ContatosIP67;
				PRODUCT_NAME = "$(TARGET_NAME)";
			};
			name = Debug;
		};
		B1786A091D3FDC23004E3358 /* Release */ = {
			isa = XCBuildConfiguration;
			buildSettings = {
				ASSETCATALOG_COMPILER_APPICON_NAME = AppIcon;
				CODE_SIGN_IDENTITY = "iPhone Developer";
				INFOPLIST_FILE = ContatosIP67/Info.plist;
				LD_RUNPATH_SEARCH_PATHS = "$(inherited) @executable_path/Frameworks";
				PRODUCT_BUNDLE_IDENTIFIER = br.com.adriano.ContatosIP67;
				PRODUCT_NAME = "$(TARGET_NAME)";
			};
			name = Release;
		};
		B1786A221D42B3DE004E3358 /* Debug */ = {
			isa = XCBuildConfiguration;
			buildSettings = {
				BUNDLE_LOADER = "$(TEST_HOST)";
				INFOPLIST_FILE = ContatosIP67Tests/Info.plist;
				LD_RUNPATH_SEARCH_PATHS = "$(inherited) @executable_path/Frameworks @loader_path/Frameworks";
				PRODUCT_BUNDLE_IDENTIFIER = br.com.caelum.ContatosIP67Tests;
				PRODUCT_NAME = "$(TARGET_NAME)";
				TEST_HOST = "$(BUILT_PRODUCTS_DIR)/ContatosIP67.app/ContatosIP67";
			};
			name = Debug;
		};
		B1786A231D42B3DE004E3358 /* Release */ = {
			isa = XCBuildConfiguration;
			buildSettings = {
				BUNDLE_LOADER = "$(TEST_HOST)";
				INFOPLIST_FILE = ContatosIP67Tests/Info.plist;
				LD_RUNPATH_SEARCH_PATHS = "$(inherited) @executable_path/Frameworks @loader_path/Frameworks";
				PRODUCT_BUNDLE_IDENTIFIER = br.com.caelum.ContatosIP67Tests;
				PRODUCT_NAME = "$(TARGET_NAME)";
				TEST_HOST = "$(BUILT_PRODUCTS_DIR)/ContatosIP67.app/ContatosIP67";
			};
			name = Release;
		};
/* End XCBuildConfiguration section */

/* Begin XCConfigurationList section */
		B17869E81D3FDC22004E3358 /* Build configuration list for PBXProject "ContatosIP67" */ = {
			isa = XCConfigurationList;
			buildConfigurations = (
				B1786A051D3FDC23004E3358 /* Debug */,
				B1786A061D3FDC23004E3358 /* Release */,
			);
			defaultConfigurationIsVisible = 0;
			defaultConfigurationName = Release;
		};
		B1786A071D3FDC23004E3358 /* Build configuration list for PBXNativeTarget "ContatosIP67" */ = {
			isa = XCConfigurationList;
			buildConfigurations = (
				B1786A081D3FDC23004E3358 /* Debug */,
				B1786A091D3FDC23004E3358 /* Release */,
			);
			defaultConfigurationIsVisible = 0;
			defaultConfigurationName = Release;
		};
		B1786A211D42B3DE004E3358 /* Build configuration list for PBXNativeTarget "ContatosIP67Tests" */ = {
			isa = XCConfigurationList;
			buildConfigurations = (
				B1786A221D42B3DE004E3358 /* Debug */,
				B1786A231D42B3DE004E3358 /* Release */,
			);
			defaultConfigurationIsVisible = 0;
			defaultConfigurationName = Release;
		};
/* End XCConfigurationList section */

/* Begin XCVersionGroup section */
		B17869FC1D3FDC23004E3358 /* ContatosIP67.xcdatamodeld */ = {
			isa = XCVersionGroup;
			children = (
				B17869FD1D3FDC23004E3358 /* ContatosIP67.xcdatamodel */,
			);
			currentVersion = B17869FD1D3FDC23004E3358 /* ContatosIP67.xcdatamodel */;
			path = ContatosIP67.xcdatamodeld;
			sourceTree = "<group>";
			versionGroupType = wrapper.xcdatamodel;
		};
/* End XCVersionGroup section */
	};
	rootObject = B17869E51D3FDC22004E3358 /* Project object */;
}
